
Microsoft Visual Studio Solution File, Format Version 12.00
Project("{2150E333-8FDC-42A3-9474-1A3956D46DE8}") = "After", "After", "{B29CA02B-7E08-4079-9866-7B698EA02125}"
EndProject
Project("{2150E333-8FDC-42A3-9474-1A3956D46DE8}") = "Before", "Before", "{BF1AB607-D020-49DC-B75D-506170B8475E}"
EndProject
Project("{FAE04EC0-301F-11D3-BF4B-00C04F79EFBC}") = "Chapter1", "Before\Chapter1\Chapter1.csproj", "{D5FB20DD-BC0D-4DA7-B1D2-51912C86372E}"
EndProject
Project("{FAE04EC0-301F-11D3-BF4B-00C04F79EFBC}") = "Chapter1Tests", "Before\Chapter1Tests\Chapter1Tests.csproj", "{55CB61CB-47A3-4F81-ADD2-0C5E3107354D}"
EndProject
Project("{FAE04EC0-301F-11D3-BF4B-00C04F79EFBC}") = "Chapter1", "After\Chapter1\Chapter1.csproj", "{4BF55BA0-C62A-4EE7-AB58-56C3AE4D5E9C}"
EndProject
Project("{FAE04EC0-301F-11D3-BF4B-00C04F79EFBC}") = "Chapter1Tests", "After\Chapter1Tests\Chapter1Tests.csproj", "{1F0E7FB4-09DC-4FDE-B82A-828F5E469B31}"
EndProject
Global
	GlobalSection(SolutionConfigurationPlatforms) = preSolution
		Debug|Any CPU = Debug|Any CPU
		Release|Any CPU = Release|Any CPU
	EndGlobalSection
	GlobalSection(ProjectConfigurationPlatforms) = postSolution
		{D5FB20DD-BC0D-4DA7-B1D2-51912C86372E}.Debug|Any CPU.ActiveCfg = Debug|Any CPU
		{D5FB20DD-BC0D-4DA7-B1D2-51912C86372E}.Debug|Any CPU.Build.0 = Debug|Any CPU
		{D5FB20DD-BC0D-4DA7-B1D2-51912C86372E}.Release|Any CPU.ActiveCfg = Release|Any CPU
		{D5FB20DD-BC0D-4DA7-B1D2-51912C86372E}.Release|Any CPU.Build.0 = Release|Any CPU
		{55CB61CB-47A3-4F81-ADD2-0C5E3107354D}.Debug|Any CPU.ActiveCfg = Debug|Any CPU
		{55CB61CB-47A3-4F81-ADD2-0C5E3107354D}.Debug|Any CPU.Build.0 = Debug|Any CPU
		{55CB61CB-47A3-4F81-ADD2-0C5E3107354D}.Release|Any CPU.ActiveCfg = Release|Any CPU
		{55CB61CB-47A3-4F81-ADD2-0C5E3107354D}.Release|Any CPU.Build.0 = Release|Any CPU
		{4BF55BA0-C62A-4EE7-AB58-56C3AE4D5E9C}.Debug|Any CPU.ActiveCfg = Debug|Any CPU
		{4BF55BA0-C62A-4EE7-AB58-56C3AE4D5E9C}.Debug|Any CPU.Build.0 = Debug|Any CPU
		{4BF55BA0-C62A-4EE7-AB58-56C3AE4D5E9C}.Release|Any CPU.ActiveCfg = Release|Any CPU
		{4BF55BA0-C62A-4EE7-AB58-56C3AE4D5E9C}.Release|Any CPU.Build.0 = Release|Any CPU
		{1F0E7FB4-09DC-4FDE-B82A-828F5E469B31}.Debug|Any CPU.ActiveCfg = Debug|Any CPU
		{1F0E7FB4-09DC-4FDE-B82A-828F5E469B31}.Debug|Any CPU.Build.0 = Debug|Any CPU
		{1F0E7FB4-09DC-4FDE-B82A-828F5E469B31}.Release|Any CPU.ActiveCfg = Release|Any CPU
		{1F0E7FB4-09DC-4FDE-B82A-828F5E469B31}.Release|Any CPU.Build.0 = Release|Any CPU
	EndGlobalSection
	GlobalSection(NestedProjects) = preSolution
		{D5FB20DD-BC0D-4DA7-B1D2-51912C86372E} = {BF1AB607-D020-49DC-B75D-506170B8475E}
		{55CB61CB-47A3-4F81-ADD2-0C5E3107354D} = {BF1AB607-D020-49DC-B75D-506170B8475E}
		{4BF55BA0-C62A-4EE7-AB58-56C3AE4D5E9C} = {B29CA02B-7E08-4079-9866-7B698EA02125}
		{1F0E7FB4-09DC-4FDE-B82A-828F5E469B31} = {B29CA02B-7E08-4079-9866-7B698EA02125}
	EndGlobalSection
EndGlobal
